{
  "name": "maslo.dcmotor",
  "version": "1.0.0",
  "lockfileVersion": 1,
  "requires": true,
  "dependencies": {
    "@device.farm/si-atsamd-safeboot": {
      "version": "1.0.1",
      "resolved": "https://registry.npmjs.org/@device.farm/si-atsamd-safeboot/-/si-atsamd-safeboot-1.0.1.tgz",
      "integrity": "sha512-Xe2UGrER2XFe0ZoonuONSForLfGQjo3zGrGDbt8CpvFfnp+WAcbbU+BnX8ghS/lgRcLkVF2DTxQcOM+61cB4pQ=="
    },
    "@device.farm/si-atsamd11c14a": {
      "version": "2.0.1",
      "resolved": "https://registry.npmjs.org/@device.farm/si-atsamd11c14a/-/si-atsamd11c14a-2.0.1.tgz",
      "integrity": "sha512-kV3Hi8moBGW6ykjdy4nYGMwqwx+Tv/w7/iFYSnfcLmPpu4sqdfmFocsDiCkmZOQwG9Dx3iiZL9IAaEoFi+JUoQ=="
    }
  }
}
